
Microsoft Visual Studio Solution File, Format Version 12.00
# Visual Studio Version 17
VisualStudioVersion = 17.9.34728.123
MinimumVisualStudioVersion = 10.0.40219.1
Project("{FAE04EC0-301F-11D3-BF4B-00C04F79EFBC}") = "WebApplication1", "WebApplication1\WebApplication1.csproj", "{2C936167-8C21-49FF-BE3B-7BEA2D0E0A64}"
EndProject
Global
	GlobalSection(SolutionConfigurationPlatforms) = preSolution
		Debug|Any CPU = Debug|Any CPU
		Release|Any CPU = Release|Any CPU
	EndGlobalSection
	GlobalSection(ProjectConfigurationPlatforms) = postSolution
		{2C936167-8C21-49FF-BE3B-7BEA2D0E0A64}.Debug|Any CPU.ActiveCfg = Debug|Any CPU
		{2C936167-8C21-49FF-BE3B-7BEA2D0E0A64}.Debug|Any CPU.Build.0 = Debug|Any CPU
		{2C936167-8C21-49FF-BE3B-7BEA2D0E0A64}.Release|Any CPU.ActiveCfg = Release|Any CPU
		{2C936167-8C21-49FF-BE3B-7BEA2D0E0A64}.Release|Any CPU.Build.0 = Release|Any CPU
	EndGlobalSection
	GlobalSection(SolutionProperties) = preSolution
		HideSolutionNode = FALSE
	EndGlobalSection
	GlobalSection(ExtensibilityGlobals) = postSolution
		SolutionGuid = {37E09BDF-1405-48CE-9754-71E98B4DFC0E}
	EndGlobalSection
EndGlobal
